// !$*UTF8*$!
{
	archiveVersion = 1;
	classes = {
	};
	objectVersion = 46;
	objects = {

/* Begin PBXBuildFile section */
		AF7A2E9E19C1D2AD00FFA912 /* DetailViewController.m in Sources */ = {isa = PBXBuildFile; fileRef = AF7A2E9D19C1D2AD00FFA912 /* DetailViewController.m */; };
		AF7A2EA119C1F08800FFA912 /* AboutUIController.m in Sources */ = {isa = PBXBuildFile; fileRef = AF7A2EA019C1F08800FFA912 /* AboutUIController.m */; };
		AFFCB54319C075D800E72013 /* main.m in Sources */ = {isa = PBXBuildFile; fileRef = AFFCB54219C075D800E72013 /* main.m */; };
		AFFCB54619C075D800E72013 /* AppDelegate.m in Sources */ = {isa = PBXBuildFile; fileRef = AFFCB54519C075D800E72013 /* AppDelegate.m */; };
		AFFCB54919C075D800E72013 /* ViewController.m in Sources */ = {isa = PBXBuildFile; fileRef = AFFCB54819C075D800E72013 /* ViewController.m */; };
		AFFCB54C19C075D800E72013 /* Main.storyboard in Resources */ = {isa = PBXBuildFile; fileRef = AFFCB54A19C075D800E72013 /* Main.storyboard */; };
		AFFCB54E19C075D800E72013 /* Images.xcassets in Resources */ = {isa = PBXBuildFile; fileRef = AFFCB54D19C075D800E72013 /* Images.xcassets */; };
		AFFCB55A19C075D800E72013 /* RecipeBookMeTests.m in Sources */ = {isa = PBXBuildFile; fileRef = AFFCB55919C075D800E72013 /* RecipeBookMeTests.m */; };
/* End PBXBuildFile section */

/* Begin PBXContainerItemProxy section */
		AFFCB55419C075D800E72013 /* PBXContainerItemProxy */ = {
			isa = PBXContainerItemProxy;
			containerPortal = AFFCB53519C075D800E72013 /* Project object */;
			proxyType = 1;
			remoteGlobalIDString = AFFCB53C19C075D800E72013;
			remoteInfo = RecipeBookMe;
		};
/* End PBXContainerItemProxy section */

/* Begin PBXFileReference section */
		AF7A2E9C19C1D2AD00FFA912 /* DetailViewController.h */ = {isa = PBXFileReference; fileEncoding = 4; lastKnownFileType = sourcecode.c.h; name = DetailViewController.h; path = ../DetailViewController.h; sourceTree = "<group>"; };
		AF7A2E9D19C1D2AD00FFA912 /* DetailViewController.m */ = {isa = PBXFileReference; fileEncoding = 4; lastKnownFileType = sourcecode.c.objc; name = DetailViewController.m; path = ../DetailViewController.m; sourceTree = "<group>"; };
		AF7A2E9F19C1F08800FFA912 /* AboutUIController.h */ = {isa = PBXFileReference; fileEncoding = 4; lastKnownFileType = sourcecode.c.h; path = AboutUIController.h; sourceTree = "<group>"; };
		AF7A2EA019C1F08800FFA912 /* AboutUIController.m */ = {isa = PBXFileReference; fileEncoding = 4; lastKnownFileType = sourcecode.c.objc; path = AboutUIController.m; sourceTree = "<group>"; };
		AFFCB53D19C075D800E72013 /* RecipeBookMe.app */ = {isa = PBXFileReference; explicitFileType = wrapper.application; includeInIndex = 0; path = RecipeBookMe.app; sourceTree = BUILT_PRODUCTS_DIR; };
		AFFCB54119C075D800E72013 /* Info.plist */ = {isa = PBXFileReference; lastKnownFileType = text.plist.xml; path = Info.plist; sourceTree = "<group>"; };
		AFFCB54219C075D800E72013 /* main.m */ = {isa = PBXFileReference; lastKnownFileType = sourcecode.c.objc; path = main.m; sourceTree = "<group>"; };
		AFFCB54419C075D800E72013 /* AppDelegate.h */ = {isa = PBXFileReference; lastKnownFileType = sourcecode.c.h; path = AppDelegate.h; sourceTree = "<group>"; };
		AFFCB54519C075D800E72013 /* AppDelegate.m */ = {isa = PBXFileReference; lastKnownFileType = sourcecode.c.objc; path = AppDelegate.m; sourceTree = "<group>"; };
		AFFCB54719C075D800E72013 /* ViewController.h */ = {isa = PBXFileReference; lastKnownFileType = sourcecode.c.h; path = ViewController.h; sourceTree = "<group>"; };
		AFFCB54819C075D800E72013 /* ViewController.m */ = {isa = PBXFileReference; lastKnownFileType = sourcecode.c.objc; path = ViewController.m; sourceTree = "<group>"; };
		AFFCB54B19C075D800E72013 /* Base */ = {isa = PBXFileReference; lastKnownFileType = file.storyboard; name = Base; path = Base.lproj/Main.storyboard; sourceTree = "<group>"; };
		AFFCB54D19C075D800E72013 /* Images.xcassets */ = {isa = PBXFileReference; lastKnownFileType = folder.assetcatalog; path = Images.xcassets; sourceTree = "<group>"; };
		AFFCB55319C075D800E72013 /* RecipeBookMeTests.xctest */ = {isa = PBXFileReference; explicitFileType = wrapper.cfbundle; includeInIndex = 0; path = RecipeBookMeTests.xctest; sourceTree = BUILT_PRODUCTS_DIR; };
		AFFCB55819C075D800E72013 /* Info.plist */ = {isa = PBXFileReference; lastKnownFileType = text.plist.xml; path = Info.plist; sourceTree = "<group>"; };
		AFFCB55919C075D800E72013 /* RecipeBookMeTests.m */ = {isa = PBXFileReference; lastKnownFileType = sourcecode.c.objc; path = RecipeBookMeTests.m; sourceTree = "<group>"; };
/* End PBXFileReference section */

/* Begin PBXFrameworksBuildPhase section */
		AFFCB53A19C075D800E72013 /* Frameworks */ = {
			isa = PBXFrameworksBuildPhase;
			buildActionMask = 2147483647;
			files = (
			);
			runOnlyForDeploymentPostprocessing = 0;
		};
		AFFCB55019C075D800E72013 /* Frameworks */ = {
			isa = PBXFrameworksBuildPhase;
			buildActionMask = 2147483647;
			files = (
			);
			runOnlyForDeploymentPostprocessing = 0;
		};
/* End PBXFrameworksBuildPhase section */

/* Begin PBXGroup section */
		AFFCB53419C075D800E72013 = {
			isa = PBXGroup;
			children = (
				AFFCB53F19C075D800E72013 /* RecipeBookMe */,
				AFFCB55619C075D800E72013 /* RecipeBookMeTests */,
				AFFCB53E19C075D800E72013 /* Products */,
			);
			sourceTree = "<group>";
		};
		AFFCB53E19C075D800E72013 /* Products */ = {
			isa = PBXGroup;
			children = (
				AFFCB53D19C075D800E72013 /* RecipeBookMe.app */,
				AFFCB55319C075D800E72013 /* RecipeBookMeTests.xctest */,
			);
			name = Products;
			sourceTree = "<group>";
		};
		AFFCB53F19C075D800E72013 /* RecipeBookMe */ = {
			isa = PBXGroup;
			children = (
				AFFCB54419C075D800E72013 /* AppDelegate.h */,
				AFFCB54519C075D800E72013 /* AppDelegate.m */,
				AF7A2E9C19C1D2AD00FFA912 /* DetailViewController.h */,
				AF7A2E9D19C1D2AD00FFA912 /* DetailViewController.m */,
				AFFCB54719C075D800E72013 /* ViewController.h */,
				AFFCB54819C075D800E72013 /* ViewController.m */,
				AF7A2E9F19C1F08800FFA912 /* AboutUIController.h */,
				AF7A2EA019C1F08800FFA912 /* AboutUIController.m */,
				AFFCB54A19C075D800E72013 /* Main.storyboard */,
				AFFCB54D19C075D800E72013 /* Images.xcassets */,
				AFFCB54019C075D800E72013 /* Supporting Files */,
			);
			path = RecipeBookMe;
			sourceTree = "<group>";
		};
		AFFCB54019C075D800E72013 /* Supporting Files */ = {
			isa = PBXGroup;
			children = (
				AFFCB54119C075D800E72013 /* Info.plist */,
				AFFCB54219C075D800E72013 /* main.m */,
			);
			name = "Supporting Files";
			sourceTree = "<group>";
		};
		AFFCB55619C075D800E72013 /* RecipeBookMeTests */ = {
			isa = PBXGroup;
			children = (
				AFFCB55919C075D800E72013 /* RecipeBookMeTests.m */,
				AFFCB55719C075D800E72013 /* Supporting Files */,
			);
			path = RecipeBookMeTests;
			sourceTree = "<group>";
		};
		AFFCB55719C075D800E72013 /* Supporting Files */ = {
			isa = PBXGroup;
			children = (
				AFFCB55819C075D800E72013 /* Info.plist */,
			);
			name = "Supporting Files";
			sourceTree = "<group>";
		};
/* End PBXGroup section */

/* Begin PBXNativeTarget section */
		AFFCB53C19C075D800E72013 /* RecipeBookMe */ = {
			isa = PBXNativeTarget;
			buildConfigurationList = AFFCB55D19C075D800E72013 /* Build configuration list for PBXNativeTarget "RecipeBookMe" */;
			buildPhases = (
				AFFCB53919C075D800E72013 /* Sources */,
				AFFCB53A19C075D800E72013 /* Frameworks */,
				AFFCB53B19C075D800E72013 /* Resources */,
			);
			buildRules = (
			);
			dependencies = (
			);
			name = RecipeBookMe;
			productName = RecipeBookMe;
			productReference = AFFCB53D19C075D800E72013 /* RecipeBookMe.app */;
			productType = "com.apple.product-type.application";
		};
		AFFCB55219C075D800E72013 /* RecipeBookMeTests */ = {
			isa = PBXNativeTarget;
			buildConfigurationList = AFFCB56019C075D800E72013 /* Build configuration list for PBXNativeTarget "RecipeBookMeTests" */;
			buildPhases = (
				AFFCB54F19C075D800E72013 /* Sources */,
				AFFCB55019C075D800E72013 /* Frameworks */,
				AFFCB55119C075D800E72013 /* Resources */,
			);
			buildRules = (
			);
			dependencies = (
				AFFCB55519C075D800E72013 /* PBXTargetDependency */,
			);
			name = RecipeBookMeTests;
			productName = RecipeBookMeTests;
			productReference = AFFCB55319C075D800E72013 /* RecipeBookMeTests.xctest */;
			productType = "com.apple.product-type.bundle.unit-test";
		};
/* End PBXNativeTarget section */

/* Begin PBXProject section */
		AFFCB53519C075D800E72013 /* Project object */ = {
			isa = PBXProject;
			attributes = {
				LastUpgradeCheck = 0600;
				ORGANIZATIONNAME = liwenqian;
				TargetAttributes = {
					AFFCB53C19C075D800E72013 = {
						CreatedOnToolsVersion = 6.0;
					};
					AFFCB55219C075D800E72013 = {
						CreatedOnToolsVersion = 6.0;
						TestTargetID = AFFCB53C19C075D800E72013;
					};
				};
			};
			buildConfigurationList = AFFCB53819C075D800E72013 /* Build configuration list for PBXProject "RecipeBookMe" */;
			compatibilityVersion = "Xcode 3.2";
			developmentRegion = English;
			hasScannedForEncodings = 0;
			knownRegions = (
				en,
				Base,
			);
			mainGroup = AFFCB53419C075D800E72013;
			productRefGroup = AFFCB53E19C075D800E72013 /* Products */;
			projectDirPath = "";
			projectRoot = "";
			targets = (
				AFFCB53C19C075D800E72013 /* RecipeBookMe */,
				AFFCB55219C075D800E72013 /* RecipeBookMeTests */,
			);
		};
/* End PBXProject section */

/* Begin PBXResourcesBuildPhase section */
		AFFCB53B19C075D800E72013 /* Resources */ = {
			isa = PBXResourcesBuildPhase;
			buildActionMask = 2147483647;
			files = (
				AFFCB54C19C075D800E72013 /* Main.storyboard in Resources */,
				AFFCB54E19C075D800E72013 /* Images.xcassets in Resources */,
			);
			runOnlyForDeploymentPostprocessing = 0;
		};
		AFFCB55119C075D800E72013 /* Resources */ = {
			isa = PBXResourcesBuildPhase;
			buildActionMask = 2147483647;
			files = (
			);
			runOnlyForDeploymentPostprocessing = 0;
		};
/* End PBXResourcesBuildPhase section */

/* Begin PBXSourcesBuildPhase section */
		AFFCB53919C075D800E72013 /* Sources */ = {
			isa = PBXSourcesBuildPhase;
			buildActionMask = 2147483647;
			files = (
				AFFCB54919C075D800E72013 /* ViewController.m in Sources */,
				AFFCB54619C075D800E72013 /* AppDelegate.m in Sources */,
				AFFCB54319C075D800E72013 /* main.m in Sources */,
				AF7A2EA119C1F08800FFA912 /* AboutUIController.m in Sources */,
				AF7A2E9E19C1D2AD00FFA912 /* DetailViewController.m in Sources */,
			);
			runOnlyForDeploymentPostprocessing = 0;
		};
		AFFCB54F19C075D800E72013 /* Sources */ = {
			isa = PBXSourcesBuildPhase;
			buildActionMask = 2147483647;
			files = (
				AFFCB55A19C075D800E72013 /* RecipeBookMeTests.m in Sources */,
			);
			runOnlyForDeploymentPostprocessing = 0;
		};
/* End PBXSourcesBuildPhase section */

/* Begin PBXTargetDependency section */
		AFFCB55519C075D800E72013 /* PBXTargetDependency */ = {
			isa = PBXTargetDependency;
			target = AFFCB53C19C075D800E72013 /* RecipeBookMe */;
			targetProxy = AFFCB55419C075D800E72013 /* PBXContainerItemProxy */;
		};
/* End PBXTargetDependency section */

/* Begin PBXVariantGroup section */
		AFFCB54A19C075D800E72013 /* Main.storyboard */ = {
			isa = PBXVariantGroup;
			children = (
				AFFCB54B19C075D800E72013 /* Base */,
			);
			name = Main.storyboard;
			sourceTree = "<group>";
		};
/* End PBXVariantGroup section */

/* Begin XCBuildConfiguration section */
		AFFCB55B19C075D800E72013 /* Debug */ = {
			isa = XCBuildConfiguration;
			buildSettings = {
				ALWAYS_SEARCH_USER_PATHS = NO;
				CLANG_CXX_LANGUAGE_STANDARD = "gnu++0x";
				CLANG_CXX_LIBRARY = "libc++";
				CLANG_ENABLE_MODULES = YES;
				CLANG_ENABLE_OBJC_ARC = YES;
				CLANG_WARN_BOOL_CONVERSION = YES;
				CLANG_WARN_CONSTANT_CONVERSION = YES;
				CLANG_WARN_DIRECT_OBJC_ISA_USAGE = YES_ERROR;
				CLANG_WARN_EMPTY_BODY = YES;
				CLANG_WARN_ENUM_CONVERSION = YES;
				CLANG_WARN_INT_CONVERSION = YES;
				CLANG_WARN_OBJC_ROOT_CLASS = YES_ERROR;
				CLANG_WARN_UNREACHABLE_CODE = YES;
				CLANG_WARN__DUPLICATE_METHOD_MATCH = YES;
				"CODE_SIGN_IDENTITY[sdk=iphoneos*]" = "iPhone Developer";
				COPY_PHASE_STRIP = NO;
				ENABLE_STRICT_OBJC_MSGSEND = YES;
				GCC_C_LANGUAGE_STANDARD = gnu99;
				GCC_DYNAMIC_NO_PIC = NO;
				GCC_OPTIMIZATION_LEVEL = 0;
				GCC_PREPROCESSOR_DEFINITIONS = (
					"DEBUG=1",
					"$(inherited)",
				);
				GCC_SYMBOLS_PRIVATE_EXTERN = NO;
				GCC_WARN_64_TO_32_BIT_CONVERSION = YES;
				GCC_WARN_ABOUT_RETURN_TYPE = YES_ERROR;
				GCC_WARN_UNDECLARED_SELECTOR = YES;
				GCC_WARN_UNINITIALIZED_AUTOS = YES_AGGRESSIVE;
				GCC_WARN_UNUSED_FUNCTION = YES;
				GCC_WARN_UNUSED_VARIABLE = YES;
				IPHONEOS_DEPLOYMENT_TARGET = 8.0;
				MTL_ENABLE_DEBUG_INFO = YES;
				ONLY_ACTIVE_ARCH = YES;
				SDKROOT = iphoneos;
			};
			name = Debug;
		};
		AFFCB55C19C075D800E72013 /* Release */ = {
			isa = XCBuildConfiguration;
			buildSettings = {
				ALWAYS_SEARCH_USER_PATHS = NO;
				CLANG_CXX_LANGUAGE_STANDARD = "gnu++0x";
				CLANG_CXX_LIBRARY = "libc++";
				CLANG_ENABLE_MODULES = YES;
				CLANG_ENABLE_OBJC_ARC = YES;
				CLANG_WARN_BOOL_CONVERSION = YES;
				CLANG_WARN_CONSTANT_CONVERSION = YES;
				CLANG_WARN_DIRECT_OBJC_ISA_USAGE = YES_ERROR;
				CLANG_WARN_EMPTY_BODY = YES;
				CLANG_WARN_ENUM_CONVERSION = YES;
				CLANG_WARN_INT_CONVERSION = YES;
				CLANG_WARN_OBJC_ROOT_CLASS = YES_ERROR;
				CLANG_WARN_UNREACHABLE_CODE = YES;
				CLANG_WARN__DUPLICATE_METHOD_MATCH = YES;
				"CODE_SIGN_IDENTITY[sdk=iphoneos*]" = "iPhone Developer";
				COPY_PHASE_STRIP = YES;
				ENABLE_NS_ASSERTIONS = NO;
				ENABLE_STRICT_OBJC_MSGSEND = YES;
				GCC_C_LANGUAGE_STANDARD = gnu99;
				GCC_WARN_64_TO_32_BIT_CONVERSION = YES;
				GCC_WARN_ABOUT_RETURN_TYPE = YES_ERROR;
				GCC_WARN_UNDECLARED_SELECTOR = YES;
				GCC_WARN_UNINITIALIZED_AUTOS = YES_AGGRESSIVE;
				GCC_WARN_UNUSED_FUNCTION = YES;
				GCC_WARN_UNUSED_VARIABLE = YES;
				IPHONEOS_DEPLOYMENT_TARGET = 8.0;
				MTL_ENABLE_DEBUG_INFO = NO;
				SDKROOT = iphoneos;
				VALIDATE_PRODUCT = YES;
			};
			name = Release;
		};
		AFFCB55E19C075D800E72013 /* Debug */ = {
			isa = XCBuildConfiguration;
			buildSettings = {
				ASSETCATALOG_COMPILER_APPICON_NAME = AppIcon;
				ASSETCATALOG_COMPILER_LAUNCHIMAGE_NAME = LaunchImage;
				INFOPLIST_FILE = RecipeBookMe/Info.plist;
				LD_RUNPATH_SEARCH_PATHS = "$(inherited) @executable_path/Frameworks";
				PRODUCT_NAME = "$(TARGET_NAME)";
			};
			name = Debug;
		};
		AFFCB55F19C075D800E72013 /* Release */ = {
			isa = XCBuildConfiguration;
			buildSettings = {
				ASSETCATALOG_COMPILER_APPICON_NAME = AppIcon;
				ASSETCATALOG_COMPILER_LAUNCHIMAGE_NAME = LaunchImage;
				INFOPLIST_FILE = RecipeBookMe/Info.plist;
				LD_RUNPATH_SEARCH_PATHS = "$(inherited) @executable_path/Frameworks";
				PRODUCT_NAME = "$(TARGET_NAME)";
			};
			name = Release;
		};
		AFFCB56119C075D800E72013 /* Debug */ = {
			isa = XCBuildConfiguration;
			buildSettings = {
				BUNDLE_LOADER = "$(BUILT_PRODUCTS_DIR)/RecipeBookMe.app/RecipeBookMe";
				FRAMEWORK_SEARCH_PATHS = (
					"$(SDKROOT)/Developer/Library/Frameworks",
					"$(inherited)",
				);
				GCC_PREPROCESSOR_DEFINITIONS = (
					"DEBUG=1",
					"$(inherited)",
				);
				INFOPLIST_FILE = RecipeBookMeTests/Info.plist;
				LD_RUNPATH_SEARCH_PATHS = "$(inherited) @executable_path/Frameworks @loader_path/Frameworks";
				PRODUCT_NAME = "$(TARGET_NAME)";
				TEST_HOST = "$(BUNDLE_LOADER)";
			};
			name = Debug;
		};
		AFFCB56219C075D800E72013 /* Release */ = {
			isa = XCBuildConfiguration;
			buildSettings = {
				BUNDLE_LOADER = "$(BUILT_PRODUCTS_DIR)/RecipeBookMe.app/RecipeBookMe";
				FRAMEWORK_SEARCH_PATHS = (
					"$(SDKROOT)/Developer/Library/Frameworks",
					"$(inherited)",
				);
				INFOPLIST_FILE = RecipeBookMeTests/Info.plist;
				LD_RUNPATH_SEARCH_PATHS = "$(inherited) @executable_path/Frameworks @loader_path/Frameworks";
				PRODUCT_NAME = "$(TARGET_NAME)";
				TEST_HOST = "$(BUNDLE_LOADER)";
			};
			name = Release;
		};
/* End XCBuildConfiguration section */

/* Begin XCConfigurationList section */
		AFFCB53819C075D800E72013 /* Build configuration list for PBXProject "RecipeBookMe" */ = {
			isa = XCConfigurationList;
			buildConfigurations = (
				AFFCB55B19C075D800E72013 /* Debug */,
				AFFCB55C19C075D800E72013 /* Release */,
			);
			defaultConfigurationIsVisible = 0;
			defaultConfigurationName = Release;
		};
		AFFCB55D19C075D800E72013 /* Build configuration list for PBXNativeTarget "RecipeBookMe" */ = {
			isa = XCConfigurationList;
			buildConfigurations = (
				AFFCB55E19C075D800E72013 /* Debug */,
				AFFCB55F19C075D800E72013 /* Release */,
			);
			defaultConfigurationIsVisible = 0;
			defaultConfigurationName = Release;
		};
		AFFCB56019C075D800E72013 /* Build configuration list for PBXNativeTarget "RecipeBookMeTests" */ = {
			isa = XCConfigurationList;
			buildConfigurations = (
				AFFCB56119C075D800E72013 /* Debug */,
				AFFCB56219C075D800E72013 /* Release */,
			);
			defaultConfigurationIsVisible = 0;
			defaultConfigurationName = Release;
		};
/* End XCConfigurationList section */
	};
	rootObject = AFFCB53519C075D800E72013 /* Project object */;
}
